// !$*UTF8*$!
{
	archiveVersion = 1;
	classes = {
	};
	objectVersion = 77;
	objects = {

/* Begin PBXBuildFile section */
		A68A9F3321720FE79AD6035C /* Pods_SpendManagerSampleTests.framework in Frameworks */ = {isa = PBXBuildFile; fileRef = 3242D50C48C1959ED65D20AA /* Pods_SpendManagerSampleTests.framework */; };
		C9D039BFC0A4CA715F1B4B65 /* Pods_SpendManagerSample.framework in Frameworks */ = {isa = PBXBuildFile; fileRef = D0AA0F13C5BD0C373E8ECA43 /* Pods_SpendManagerSample.framework */; };
		D8C8A6684A17E209CBDE1966 /* Pods_SpendManagerSample_SpendManagerSampleUITests.framework in Frameworks */ = {isa = PBXBuildFile; fileRef = 5CC7D7E4C016C900106B6B31 /* Pods_SpendManagerSample_SpendManagerSampleUITests.framework */; };
/* End PBXBuildFile section */

/* Begin PBXContainerItemProxy section */
		A24875D32DD4E57E00F26A81 /* PBXContainerItemProxy */ = {
			isa = PBXContainerItemProxy;
			containerPortal = A24875B92DD4E57C00F26A81 /* Project object */;
			proxyType = 1;
			remoteGlobalIDString = A24875C02DD4E57C00F26A81;
			remoteInfo = SpendManagerSample;
		};
		A24875DD2DD4E57E00F26A81 /* PBXContainerItemProxy */ = {
			isa = PBXContainerItemProxy;
			containerPortal = A24875B92DD4E57C00F26A81 /* Project object */;
			proxyType = 1;
			remoteGlobalIDString = A24875C02DD4E57C00F26A81;
			remoteInfo = SpendManagerSample;
		};
/* End PBXContainerItemProxy section */

/* Begin PBXFileReference section */
		0F5D0A30BA5B8FE435D9F0C0 /* Pods-SpendManagerSample.release.xcconfig */ = {isa = PBXFileReference; includeInIndex = 1; lastKnownFileType = text.xcconfig; name = "Pods-SpendManagerSample.release.xcconfig"; path = "Target Support Files/Pods-SpendManagerSample/Pods-SpendManagerSample.release.xcconfig"; sourceTree = "<group>"; };
		3242D50C48C1959ED65D20AA /* Pods_SpendManagerSampleTests.framework */ = {isa = PBXFileReference; explicitFileType = wrapper.framework; includeInIndex = 0; path = Pods_SpendManagerSampleTests.framework; sourceTree = BUILT_PRODUCTS_DIR; };
		5CC7D7E4C016C900106B6B31 /* Pods_SpendManagerSample_SpendManagerSampleUITests.framework */ = {isa = PBXFileReference; explicitFileType = wrapper.framework; includeInIndex = 0; path = Pods_SpendManagerSample_SpendManagerSampleUITests.framework; sourceTree = BUILT_PRODUCTS_DIR; };
		66C72175B93F385D7B1BD008 /* Pods-SpendManagerSample-SpendManagerSampleUITests.release.xcconfig */ = {isa = PBXFileReference; includeInIndex = 1; lastKnownFileType = text.xcconfig; name = "Pods-SpendManagerSample-SpendManagerSampleUITests.release.xcconfig"; path = "Target Support Files/Pods-SpendManagerSample-SpendManagerSampleUITests/Pods-SpendManagerSample-SpendManagerSampleUITests.release.xcconfig"; sourceTree = "<group>"; };
		A24875C12DD4E57C00F26A81 /* SpendManagerSample.app */ = {isa = PBXFileReference; explicitFileType = wrapper.application; includeInIndex = 0; path = SpendManagerSample.app; sourceTree = BUILT_PRODUCTS_DIR; };
		A24875D22DD4E57E00F26A81 /* SpendManagerSampleTests.xctest */ = {isa = PBXFileReference; explicitFileType = wrapper.cfbundle; includeInIndex = 0; path = SpendManagerSampleTests.xctest; sourceTree = BUILT_PRODUCTS_DIR; };
		A24875DC2DD4E57E00F26A81 /* SpendManagerSampleUITests.xctest */ = {isa = PBXFileReference; explicitFileType = wrapper.cfbundle; includeInIndex = 0; path = SpendManagerSampleUITests.xctest; sourceTree = BUILT_PRODUCTS_DIR; };
		A248936F2DD5114200F26A81 /* Sensibill.xcframework */ = {isa = PBXFileReference; lastKnownFileType = wrapper.xcframework; name = Sensibill.xcframework; path = Pods/Sensibill/Sensibill/Sensibill.xcframework; sourceTree = "<group>"; };
		D0AA0F13C5BD0C373E8ECA43 /* Pods_SpendManagerSample.framework */ = {isa = PBXFileReference; explicitFileType = wrapper.framework; includeInIndex = 0; path = Pods_SpendManagerSample.framework; sourceTree = BUILT_PRODUCTS_DIR; };
		D8096D84B5493530B15CFD2E /* Pods-SpendManagerSampleTests.debug.xcconfig */ = {isa = PBXFileReference; includeInIndex = 1; lastKnownFileType = text.xcconfig; name = "Pods-SpendManagerSampleTests.debug.xcconfig"; path = "Target Support Files/Pods-SpendManagerSampleTests/Pods-SpendManagerSampleTests.debug.xcconfig"; sourceTree = "<group>"; };
		E3F07D49467A801FC3FCF1C5 /* Pods-SpendManagerSampleTests.release.xcconfig */ = {isa = PBXFileReference; includeInIndex = 1; lastKnownFileType = text.xcconfig; name = "Pods-SpendManagerSampleTests.release.xcconfig"; path = "Target Support Files/Pods-SpendManagerSampleTests/Pods-SpendManagerSampleTests.release.xcconfig"; sourceTree = "<group>"; };
		E426EEE2D4ADE0C8C9204B61 /* Pods-SpendManagerSample.debug.xcconfig */ = {isa = PBXFileReference; includeInIndex = 1; lastKnownFileType = text.xcconfig; name = "Pods-SpendManagerSample.debug.xcconfig"; path = "Target Support Files/Pods-SpendManagerSample/Pods-SpendManagerSample.debug.xcconfig"; sourceTree = "<group>"; };
		F38ABB669DB6F06644B334DD /* Pods-SpendManagerSample-SpendManagerSampleUITests.debug.xcconfig */ = {isa = PBXFileReference; includeInIndex = 1; lastKnownFileType = text.xcconfig; name = "Pods-SpendManagerSample-SpendManagerSampleUITests.debug.xcconfig"; path = "Target Support Files/Pods-SpendManagerSample-SpendManagerSampleUITests/Pods-SpendManagerSample-SpendManagerSampleUITests.debug.xcconfig"; sourceTree = "<group>"; };
/* End PBXFileReference section */

/* Begin PBXFileSystemSynchronizedRootGroup section */
		A248931F2DD4F9E000F26A81 /* Sources */ = {
			isa = PBXFileSystemSynchronizedRootGroup;
			exceptions = (
			);
			path = Sources;
			sourceTree = "<group>";
		};
		A24893252DD4F9E500F26A81 /* Tests */ = {
			isa = PBXFileSystemSynchronizedRootGroup;
			exceptions = (
			);
			path = Tests;
			sourceTree = "<group>";
		};
		A24893292DD4F9E900F26A81 /* UITests */ = {
			isa = PBXFileSystemSynchronizedRootGroup;
			exceptions = (
			);
			path = UITests;
			sourceTree = "<group>";
		};
		A248933C2DD4FA4A00F26A81 /* Resources */ = {
			isa = PBXFileSystemSynchronizedRootGroup;
			exceptions = (
			);
			path = Resources;
			sourceTree = "<group>";
		};
		A248933D2DD4FDE200F26A81 /* UI */ = {
			isa = PBXFileSystemSynchronizedRootGroup;
			exceptions = (
			);
			path = UI;
			sourceTree = "<group>";
		};
		A248933E2DD4FEB300F26A81 /* Build */ = {
			isa = PBXFileSystemSynchronizedRootGroup;
			exceptions = (
			);
			path = Build;
			sourceTree = "<group>";
		};
/* End PBXFileSystemSynchronizedRootGroup section */

/* Begin PBXFrameworksBuildPhase section */
		A24875BE2DD4E57C00F26A81 /* Frameworks */ = {
			isa = PBXFrameworksBuildPhase;
			buildActionMask = 2147483647;
			files = (
				C9D039BFC0A4CA715F1B4B65 /* Pods_SpendManagerSample.framework in Frameworks */,
			);
			runOnlyForDeploymentPostprocessing = 0;
		};
		A24875CF2DD4E57E00F26A81 /* Frameworks */ = {
			isa = PBXFrameworksBuildPhase;
			buildActionMask = 2147483647;
			files = (
				A68A9F3321720FE79AD6035C /* Pods_SpendManagerSampleTests.framework in Frameworks */,
			);
			runOnlyForDeploymentPostprocessing = 0;
		};
		A24875D92DD4E57E00F26A81 /* Frameworks */ = {
			isa = PBXFrameworksBuildPhase;
			buildActionMask = 2147483647;
			files = (
				D8C8A6684A17E209CBDE1966 /* Pods_SpendManagerSample_SpendManagerSampleUITests.framework in Frameworks */,
			);
			runOnlyForDeploymentPostprocessing = 0;
		};
/* End PBXFrameworksBuildPhase section */

/* Begin PBXGroup section */
		432151FC0DB85A0555017D41 /* Frameworks */ = {
			isa = PBXGroup;
			children = (
				A248936F2DD5114200F26A81 /* Sensibill.xcframework */,
				D0AA0F13C5BD0C373E8ECA43 /* Pods_SpendManagerSample.framework */,
				5CC7D7E4C016C900106B6B31 /* Pods_SpendManagerSample_SpendManagerSampleUITests.framework */,
				3242D50C48C1959ED65D20AA /* Pods_SpendManagerSampleTests.framework */,
			);
			name = Frameworks;
			sourceTree = "<group>";
		};
		A24875B82DD4E57C00F26A81 = {
			isa = PBXGroup;
			children = (
				A248933E2DD4FEB300F26A81 /* Build */,
				A248933C2DD4FA4A00F26A81 /* Resources */,
				A248931F2DD4F9E000F26A81 /* Sources */,
				A248933D2DD4FDE200F26A81 /* UI */,
				A24893252DD4F9E500F26A81 /* Tests */,
				A24893292DD4F9E900F26A81 /* UITests */,
				A24875C22DD4E57C00F26A81 /* Products */,
				D0F32E54E8E7BDA91D824296 /* Pods */,
				432151FC0DB85A0555017D41 /* Frameworks */,
			);
			sourceTree = "<group>";
		};
		A24875C22DD4E57C00F26A81 /* Products */ = {
			isa = PBXGroup;
			children = (
				A24875C12DD4E57C00F26A81 /* SpendManagerSample.app */,
				A24875D22DD4E57E00F26A81 /* SpendManagerSampleTests.xctest */,
				A24875DC2DD4E57E00F26A81 /* SpendManagerSampleUITests.xctest */,
			);
			name = Products;
			sourceTree = "<group>";
		};
		D0F32E54E8E7BDA91D824296 /* Pods */ = {
			isa = PBXGroup;
			children = (
				E426EEE2D4ADE0C8C9204B61 /* Pods-SpendManagerSample.debug.xcconfig */,
				0F5D0A30BA5B8FE435D9F0C0 /* Pods-SpendManagerSample.release.xcconfig */,
				F38ABB669DB6F06644B334DD /* Pods-SpendManagerSample-SpendManagerSampleUITests.debug.xcconfig */,
				66C72175B93F385D7B1BD008 /* Pods-SpendManagerSample-SpendManagerSampleUITests.release.xcconfig */,
				D8096D84B5493530B15CFD2E /* Pods-SpendManagerSampleTests.debug.xcconfig */,
				E3F07D49467A801FC3FCF1C5 /* Pods-SpendManagerSampleTests.release.xcconfig */,
			);
			path = Pods;
			sourceTree = "<group>";
		};
/* End PBXGroup section */

/* Begin PBXNativeTarget section */
		A24875C02DD4E57C00F26A81 /* SpendManagerSample */ = {
			isa = PBXNativeTarget;
			buildConfigurationList = A24875E62DD4E57E00F26A81 /* Build configuration list for PBXNativeTarget "SpendManagerSample" */;
			buildPhases = (
				C231E83B9D1E758A19FAF735 /* [CP] Check Pods Manifest.lock */,
				A24875BD2DD4E57C00F26A81 /* Sources */,
				A24875BE2DD4E57C00F26A81 /* Frameworks */,
				A24875BF2DD4E57C00F26A81 /* Resources */,
				CBF308E229EF6C22047E87BB /* [CP] Embed Pods Frameworks */,
			);
			buildRules = (
			);
			dependencies = (
			);
			fileSystemSynchronizedGroups = (
				A248931F2DD4F9E000F26A81 /* Sources */,
				A248933C2DD4FA4A00F26A81 /* Resources */,
				A248933D2DD4FDE200F26A81 /* UI */,
				A248933E2DD4FEB300F26A81 /* Build */,
			);
			name = SpendManagerSample;
			productName = SpendManagerSample;
			productReference = A24875C12DD4E57C00F26A81 /* SpendManagerSample.app */;
			productType = "com.apple.product-type.application";
		};
		A24875D12DD4E57E00F26A81 /* SpendManagerSampleTests */ = {
			isa = PBXNativeTarget;
			buildConfigurationList = A24875E92DD4E57E00F26A81 /* Build configuration list for PBXNativeTarget "SpendManagerSampleTests" */;
			buildPhases = (
				CA70FA2434D908B69ADA1099 /* [CP] Check Pods Manifest.lock */,
				A24875CE2DD4E57E00F26A81 /* Sources */,
				A24875CF2DD4E57E00F26A81 /* Frameworks */,
				A24875D02DD4E57E00F26A81 /* Resources */,
			);
			buildRules = (
			);
			dependencies = (
				A24875D42DD4E57E00F26A81 /* PBXTargetDependency */,
			);
			fileSystemSynchronizedGroups = (
				A24893252DD4F9E500F26A81 /* Tests */,
			);
			name = SpendManagerSampleTests;
			productName = SpendManagerSampleTests;
			productReference = A24875D22DD4E57E00F26A81 /* SpendManagerSampleTests.xctest */;
			productType = "com.apple.product-type.bundle.unit-test";
		};
		A24875DB2DD4E57E00F26A81 /* SpendManagerSampleUITests */ = {
			isa = PBXNativeTarget;
			buildConfigurationList = A24875EC2DD4E57E00F26A81 /* Build configuration list for PBXNativeTarget "SpendManagerSampleUITests" */;
			buildPhases = (
				BC8552C5ED620C69FAA5558F /* [CP] Check Pods Manifest.lock */,
				A24875D82DD4E57E00F26A81 /* Sources */,
				A24875D92DD4E57E00F26A81 /* Frameworks */,
				A24875DA2DD4E57E00F26A81 /* Resources */,
				73DB733B0498F31494D77293 /* [CP] Embed Pods Frameworks */,
			);
			buildRules = (
			);
			dependencies = (
				A24875DE2DD4E57E00F26A81 /* PBXTargetDependency */,
			);
			fileSystemSynchronizedGroups = (
				A24893292DD4F9E900F26A81 /* UITests */,
			);
			name = SpendManagerSampleUITests;
			productName = SpendManagerSampleUITests;
			productReference = A24875DC2DD4E57E00F26A81 /* SpendManagerSampleUITests.xctest */;
			productType = "com.apple.product-type.bundle.ui-testing";
		};
/* End PBXNativeTarget section */

/* Begin PBXProject section */
		A24875B92DD4E57C00F26A81 /* Project object */ = {
			isa = PBXProject;
			attributes = {
				BuildIndependentTargetsInParallel = 1;
				LastSwiftUpdateCheck = 1620;
				LastUpgradeCheck = 1620;
				TargetAttributes = {
					A24875C02DD4E57C00F26A81 = {
						CreatedOnToolsVersion = 16.2;
					};
					A24875D12DD4E57E00F26A81 = {
						CreatedOnToolsVersion = 16.2;
						TestTargetID = A24875C02DD4E57C00F26A81;
					};
					A24875DB2DD4E57E00F26A81 = {
						CreatedOnToolsVersion = 16.2;
						TestTargetID = A24875C02DD4E57C00F26A81;
					};
				};
			};
			buildConfigurationList = A24875BC2DD4E57C00F26A81 /* Build configuration list for PBXProject "SpendManagerSample" */;
			developmentRegion = en;
			hasScannedForEncodings = 0;
			knownRegions = (
				en,
				Base,
			);
			mainGroup = A24875B82DD4E57C00F26A81;
			minimizedProjectReferenceProxies = 1;
			preferredProjectObjectVersion = 77;
			productRefGroup = A24875C22DD4E57C00F26A81 /* Products */;
			projectDirPath = "";
			projectRoot = "";
			targets = (
				A24875C02DD4E57C00F26A81 /* SpendManagerSample */,
				A24875D12DD4E57E00F26A81 /* SpendManagerSampleTests */,
				A24875DB2DD4E57E00F26A81 /* SpendManagerSampleUITests */,
			);
		};
/* End PBXProject section */

/* Begin PBXResourcesBuildPhase section */
		A24875BF2DD4E57C00F26A81 /* Resources */ = {
			isa = PBXResourcesBuildPhase;
			buildActionMask = 2147483647;
			files = (
			);
			runOnlyForDeploymentPostprocessing = 0;
		};
		A24875D02DD4E57E00F26A81 /* Resources */ = {
			isa = PBXResourcesBuildPhase;
			buildActionMask = 2147483647;
			files = (
			);
			runOnlyForDeploymentPostprocessing = 0;
		};
		A24875DA2DD4E57E00F26A81 /* Resources */ = {
			isa = PBXResourcesBuildPhase;
			buildActionMask = 2147483647;
			files = (
			);
			runOnlyForDeploymentPostprocessing = 0;
		};
/* End PBXResourcesBuildPhase section */

/* Begin PBXShellScriptBuildPhase section */
		73DB733B0498F31494D77293 /* [CP] Embed Pods Frameworks */ = {
			isa = PBXShellScriptBuildPhase;
			buildActionMask = 2147483647;
			files = (
			);
			inputFileListPaths = (
				"${PODS_ROOT}/Target Support Files/Pods-SpendManagerSample-SpendManagerSampleUITests/Pods-SpendManagerSample-SpendManagerSampleUITests-frameworks-${CONFIGURATION}-input-files.xcfilelist",
			);
			name = "[CP] Embed Pods Frameworks";
			outputFileListPaths = (
				"${PODS_ROOT}/Target Support Files/Pods-SpendManagerSample-SpendManagerSampleUITests/Pods-SpendManagerSample-SpendManagerSampleUITests-frameworks-${CONFIGURATION}-output-files.xcfilelist",
			);
			runOnlyForDeploymentPostprocessing = 0;
			shellPath = /bin/sh;
			shellScript = "\"${PODS_ROOT}/Target Support Files/Pods-SpendManagerSample-SpendManagerSampleUITests/Pods-SpendManagerSample-SpendManagerSampleUITests-frameworks.sh\"\n";
			showEnvVarsInLog = 0;
		};
		BC8552C5ED620C69FAA5558F /* [CP] Check Pods Manifest.lock */ = {
			isa = PBXShellScriptBuildPhase;
			buildActionMask = 2147483647;
			files = (
			);
			inputFileListPaths = (
			);
			inputPaths = (
				"${PODS_PODFILE_DIR_PATH}/Podfile.lock",
				"${PODS_ROOT}/Manifest.lock",
			);
			name = "[CP] Check Pods Manifest.lock";
			outputFileListPaths = (
			);
			outputPaths = (
				"$(DERIVED_FILE_DIR)/Pods-SpendManagerSample-SpendManagerSampleUITests-checkManifestLockResult.txt",
			);
			runOnlyForDeploymentPostprocessing = 0;
			shellPath = /bin/sh;
			shellScript = "diff \"${PODS_PODFILE_DIR_PATH}/Podfile.lock\" \"${PODS_ROOT}/Manifest.lock\" > /dev/null\nif [ $? != 0 ] ; then\n    # print error to STDERR\n    echo \"error: The sandbox is not in sync with the Podfile.lock. Run 'pod install' or update your CocoaPods installation.\" >&2\n    exit 1\nfi\n# This output is used by Xcode 'outputs' to avoid re-running this script phase.\necho \"SUCCESS\" > \"${SCRIPT_OUTPUT_FILE_0}\"\n";
			showEnvVarsInLog = 0;
		};
		C231E83B9D1E758A19FAF735 /* [CP] Check Pods Manifest.lock */ = {
			isa = PBXShellScriptBuildPhase;
			buildActionMask = 2147483647;
			files = (
			);
			inputFileListPaths = (
			);
			inputPaths = (
				"${PODS_PODFILE_DIR_PATH}/Podfile.lock",
				"${PODS_ROOT}/Manifest.lock",
			);
			name = "[CP] Check Pods Manifest.lock";
			outputFileListPaths = (
			);
			outputPaths = (
				"$(DERIVED_FILE_DIR)/Pods-SpendManagerSample-checkManifestLockResult.txt",
			);
			runOnlyForDeploymentPostprocessing = 0;
			shellPath = /bin/sh;
			shellScript = "diff \"${PODS_PODFILE_DIR_PATH}/Podfile.lock\" \"${PODS_ROOT}/Manifest.lock\" > /dev/null\nif [ $? != 0 ] ; then\n    # print error to STDERR\n    echo \"error: The sandbox is not in sync with the Podfile.lock. Run 'pod install' or update your CocoaPods installation.\" >&2\n    exit 1\nfi\n# This output is used by Xcode 'outputs' to avoid re-running this script phase.\necho \"SUCCESS\" > \"${SCRIPT_OUTPUT_FILE_0}\"\n";
			showEnvVarsInLog = 0;
		};
		CA70FA2434D908B69ADA1099 /* [CP] Check Pods Manifest.lock */ = {
			isa = PBXShellScriptBuildPhase;
			buildActionMask = 2147483647;
			files = (
			);
			inputFileListPaths = (
			);
			inputPaths = (
				"${PODS_PODFILE_DIR_PATH}/Podfile.lock",
				"${PODS_ROOT}/Manifest.lock",
			);
			name = "[CP] Check Pods Manifest.lock";
			outputFileListPaths = (
			);
			outputPaths = (
				"$(DERIVED_FILE_DIR)/Pods-SpendManagerSampleTests-checkManifestLockResult.txt",
			);
			runOnlyForDeploymentPostprocessing = 0;
			shellPath = /bin/sh;
			shellScript = "diff \"${PODS_PODFILE_DIR_PATH}/Podfile.lock\" \"${PODS_ROOT}/Manifest.lock\" > /dev/null\nif [ $? != 0 ] ; then\n    # print error to STDERR\n    echo \"error: The sandbox is not in sync with the Podfile.lock. Run 'pod install' or update your CocoaPods installation.\" >&2\n    exit 1\nfi\n# This output is used by Xcode 'outputs' to avoid re-running this script phase.\necho \"SUCCESS\" > \"${SCRIPT_OUTPUT_FILE_0}\"\n";
			showEnvVarsInLog = 0;
		};
		CBF308E229EF6C22047E87BB /* [CP] Embed Pods Frameworks */ = {
			isa = PBXShellScriptBuildPhase;
			buildActionMask = 2147483647;
			files = (
			);
			inputFileListPaths = (
				"${PODS_ROOT}/Target Support Files/Pods-SpendManagerSample/Pods-SpendManagerSample-frameworks-${CONFIGURATION}-input-files.xcfilelist",
			);
			name = "[CP] Embed Pods Frameworks";
			outputFileListPaths = (
				"${PODS_ROOT}/Target Support Files/Pods-SpendManagerSample/Pods-SpendManagerSample-frameworks-${CONFIGURATION}-output-files.xcfilelist",
			);
			runOnlyForDeploymentPostprocessing = 0;
			shellPath = /bin/sh;
			shellScript = "\"${PODS_ROOT}/Target Support Files/Pods-SpendManagerSample/Pods-SpendManagerSample-frameworks.sh\"\n";
			showEnvVarsInLog = 0;
		};
/* End PBXShellScriptBuildPhase section */

/* Begin PBXSourcesBuildPhase section */
		A24875BD2DD4E57C00F26A81 /* Sources */ = {
			isa = PBXSourcesBuildPhase;
			buildActionMask = 2147483647;
			files = (
			);
			runOnlyForDeploymentPostprocessing = 0;
		};
		A24875CE2DD4E57E00F26A81 /* Sources */ = {
			isa = PBXSourcesBuildPhase;
			buildActionMask = 2147483647;
			files = (
			);
			runOnlyForDeploymentPostprocessing = 0;
		};
		A24875D82DD4E57E00F26A81 /* Sources */ = {
			isa = PBXSourcesBuildPhase;
			buildActionMask = 2147483647;
			files = (
			);
			runOnlyForDeploymentPostprocessing = 0;
		};
/* End PBXSourcesBuildPhase section */

/* Begin PBXTargetDependency section */
		A24875D42DD4E57E00F26A81 /* PBXTargetDependency */ = {
			isa = PBXTargetDependency;
			target = A24875C02DD4E57C00F26A81 /* SpendManagerSample */;
			targetProxy = A24875D32DD4E57E00F26A81 /* PBXContainerItemProxy */;
		};
		A24875DE2DD4E57E00F26A81 /* PBXTargetDependency */ = {
			isa = PBXTargetDependency;
			target = A24875C02DD4E57C00F26A81 /* SpendManagerSample */;
			targetProxy = A24875DD2DD4E57E00F26A81 /* PBXContainerItemProxy */;
		};
/* End PBXTargetDependency section */

/* Begin XCBuildConfiguration section */
		A24875E42DD4E57E00F26A81 /* Debug */ = {
			isa = XCBuildConfiguration;
			buildSettings = {
				ALWAYS_SEARCH_USER_PATHS = NO;
				ASSETCATALOG_COMPILER_GENERATE_SWIFT_ASSET_SYMBOL_EXTENSIONS = YES;
				CLANG_ANALYZER_NONNULL = YES;
				CLANG_ANALYZER_NUMBER_OBJECT_CONVERSION = YES_AGGRESSIVE;
				CLANG_CXX_LANGUAGE_STANDARD = "gnu++20";
				CLANG_ENABLE_MODULES = YES;
				CLANG_ENABLE_OBJC_ARC = YES;
				CLANG_ENABLE_OBJC_WEAK = YES;
				CLANG_WARN_BLOCK_CAPTURE_AUTORELEASING = YES;
				CLANG_WARN_BOOL_CONVERSION = YES;
				CLANG_WARN_COMMA = YES;
				CLANG_WARN_CONSTANT_CONVERSION = YES;
				CLANG_WARN_DEPRECATED_OBJC_IMPLEMENTATIONS = YES;
				CLANG_WARN_DIRECT_OBJC_ISA_USAGE = YES_ERROR;
				CLANG_WARN_DOCUMENTATION_COMMENTS = YES;
				CLANG_WARN_EMPTY_BODY = YES;
				CLANG_WARN_ENUM_CONVERSION = YES;
				CLANG_WARN_INFINITE_RECURSION = YES;
				CLANG_WARN_INT_CONVERSION = YES;
				CLANG_WARN_NON_LITERAL_NULL_CONVERSION = YES;
				CLANG_WARN_OBJC_IMPLICIT_RETAIN_SELF = YES;
				CLANG_WARN_OBJC_LITERAL_CONVERSION = YES;
				CLANG_WARN_OBJC_ROOT_CLASS = YES_ERROR;
				CLANG_WARN_QUOTED_INCLUDE_IN_FRAMEWORK_HEADER = YES;
				CLANG_WARN_RANGE_LOOP_ANALYSIS = YES;
				CLANG_WARN_STRICT_PROTOTYPES = YES;
				CLANG_WARN_SUSPICIOUS_MOVE = YES;
				CLANG_WARN_UNGUARDED_AVAILABILITY = YES_AGGRESSIVE;
				CLANG_WARN_UNREACHABLE_CODE = YES;
				CLANG_WARN__DUPLICATE_METHOD_MATCH = YES;
				COPY_PHASE_STRIP = NO;
				DEBUG_INFORMATION_FORMAT = dwarf;
				ENABLE_STRICT_OBJC_MSGSEND = YES;
				ENABLE_TESTABILITY = YES;
				ENABLE_USER_SCRIPT_SANDBOXING = YES;
				GCC_C_LANGUAGE_STANDARD = gnu17;
				GCC_DYNAMIC_NO_PIC = NO;
				GCC_NO_COMMON_BLOCKS = YES;
				GCC_OPTIMIZATION_LEVEL = 0;
				GCC_PREPROCESSOR_DEFINITIONS = (
					"DEBUG=1",
					"$(inherited)",
				);
				GCC_WARN_64_TO_32_BIT_CONVERSION = YES;
				GCC_WARN_ABOUT_RETURN_TYPE = YES_ERROR;
				GCC_WARN_UNDECLARED_SELECTOR = YES;
				GCC_WARN_UNINITIALIZED_AUTOS = YES_AGGRESSIVE;
				GCC_WARN_UNUSED_FUNCTION = YES;
				GCC_WARN_UNUSED_VARIABLE = YES;
				IPHONEOS_DEPLOYMENT_TARGET = 15.6;
				LOCALIZATION_PREFERS_STRING_CATALOGS = YES;
				MTL_ENABLE_DEBUG_INFO = INCLUDE_SOURCE;
				MTL_FAST_MATH = YES;
				ONLY_ACTIVE_ARCH = YES;
				SDKROOT = iphoneos;
				SWIFT_ACTIVE_COMPILATION_CONDITIONS = "DEBUG $(inherited)";
				SWIFT_OPTIMIZATION_LEVEL = "-Onone";
			};
			name = Debug;
		};
		A24875E52DD4E57E00F26A81 /* Release */ = {
			isa = XCBuildConfiguration;
			buildSettings = {
				ALWAYS_SEARCH_USER_PATHS = NO;
				ASSETCATALOG_COMPILER_GENERATE_SWIFT_ASSET_SYMBOL_EXTENSIONS = YES;
				CLANG_ANALYZER_NONNULL = YES;
				CLANG_ANALYZER_NUMBER_OBJECT_CONVERSION = YES_AGGRESSIVE;
				CLANG_CXX_LANGUAGE_STANDARD = "gnu++20";
				CLANG_ENABLE_MODULES = YES;
				CLANG_ENABLE_OBJC_ARC = YES;
				CLANG_ENABLE_OBJC_WEAK = YES;
				CLANG_WARN_BLOCK_CAPTURE_AUTORELEASING = YES;
				CLANG_WARN_BOOL_CONVERSION = YES;
				CLANG_WARN_COMMA = YES;
				CLANG_WARN_CONSTANT_CONVERSION = YES;
				CLANG_WARN_DEPRECATED_OBJC_IMPLEMENTATIONS = YES;
				CLANG_WARN_DIRECT_OBJC_ISA_USAGE = YES_ERROR;
				CLANG_WARN_DOCUMENTATION_COMMENTS = YES;
				CLANG_WARN_EMPTY_BODY = YES;
				CLANG_WARN_ENUM_CONVERSION = YES;
				CLANG_WARN_INFINITE_RECURSION = YES;
				CLANG_WARN_INT_CONVERSION = YES;
				CLANG_WARN_NON_LITERAL_NULL_CONVERSION = YES;
				CLANG_WARN_OBJC_IMPLICIT_RETAIN_SELF = YES;
				CLANG_WARN_OBJC_LITERAL_CONVERSION = YES;
				CLANG_WARN_OBJC_ROOT_CLASS = YES_ERROR;
				CLANG_WARN_QUOTED_INCLUDE_IN_FRAMEWORK_HEADER = YES;
				CLANG_WARN_RANGE_LOOP_ANALYSIS = YES;
				CLANG_WARN_STRICT_PROTOTYPES = YES;
				CLANG_WARN_SUSPICIOUS_MOVE = YES;
				CLANG_WARN_UNGUARDED_AVAILABILITY = YES_AGGRESSIVE;
				CLANG_WARN_UNREACHABLE_CODE = YES;
				CLANG_WARN__DUPLICATE_METHOD_MATCH = YES;
				COPY_PHASE_STRIP = NO;
				DEBUG_INFORMATION_FORMAT = "dwarf-with-dsym";
				ENABLE_NS_ASSERTIONS = NO;
				ENABLE_STRICT_OBJC_MSGSEND = YES;
				ENABLE_USER_SCRIPT_SANDBOXING = YES;
				GCC_C_LANGUAGE_STANDARD = gnu17;
				GCC_NO_COMMON_BLOCKS = YES;
				GCC_WARN_64_TO_32_BIT_CONVERSION = YES;
				GCC_WARN_ABOUT_RETURN_TYPE = YES_ERROR;
				GCC_WARN_UNDECLARED_SELECTOR = YES;
				GCC_WARN_UNINITIALIZED_AUTOS = YES_AGGRESSIVE;
				GCC_WARN_UNUSED_FUNCTION = YES;
				GCC_WARN_UNUSED_VARIABLE = YES;
				IPHONEOS_DEPLOYMENT_TARGET = 15.6;
				LOCALIZATION_PREFERS_STRING_CATALOGS = YES;
				MTL_ENABLE_DEBUG_INFO = NO;
				MTL_FAST_MATH = YES;
				SDKROOT = iphoneos;
				SWIFT_COMPILATION_MODE = wholemodule;
			};
			name = Release;
		};
		A24875E72DD4E57E00F26A81 /* Debug */ = {
			isa = XCBuildConfiguration;
			baseConfigurationReference = E426EEE2D4ADE0C8C9204B61 /* Pods-SpendManagerSample.debug.xcconfig */;
			buildSettings = {
				ASSETCATALOG_COMPILER_APPICON_NAME = AppIcon;
				ASSETCATALOG_COMPILER_GLOBAL_ACCENT_COLOR_NAME = AccentColor;
				CODE_SIGN_ENTITLEMENTS = Build/SpendManagerSample.entitlements;
				CODE_SIGN_STYLE = Automatic;
				COMBINE_HIDPI_IMAGES = YES;
				CURRENT_PROJECT_VERSION = 1;
				DEVELOPMENT_TEAM = NZ966TRF7U;
				ENABLE_HARDENED_RUNTIME = YES;
				ENABLE_USER_SCRIPT_SANDBOXING = NO;
				GENERATE_INFOPLIST_FILE = YES;
				INFOPLIST_KEY_LSApplicationCategoryType = "";
				INFOPLIST_KEY_NSCameraUsageDescription = "Capture receipts";
				INFOPLIST_KEY_NSHumanReadableCopyright = Sensibill;
				INFOPLIST_KEY_NSPhotoLibraryUsageDescription = "Obtain photos of the receipts";
				INFOPLIST_KEY_UILaunchStoryboardName = LaunchScreen.storyboard;
				INFOPLIST_KEY_UIMainStoryboardFile = Main;
				IPHONEOS_DEPLOYMENT_TARGET = 15.0;
				LD_RUNPATH_SEARCH_PATHS = (
					"$(inherited)",
					"@executable_path/../Frameworks",
				);
				MARKETING_VERSION = 1.0;
				PRODUCT_BUNDLE_IDENTIFIER = com.getsensibill.SpendManagerSample;
				PRODUCT_NAME = "$(TARGET_NAME)";
				SUPPORTED_PLATFORMS = "iphoneos iphonesimulator";
				SUPPORTS_MACCATALYST = NO;
				SWIFT_EMIT_LOC_STRINGS = YES;
				SWIFT_VERSION = 5.0;
				TARGETED_DEVICE_FAMILY = 1;
			};
			name = Debug;
		};
		A24875E82DD4E57E00F26A81 /* Release */ = {
			isa = XCBuildConfiguration;
			baseConfigurationReference = 0F5D0A30BA5B8FE435D9F0C0 /* Pods-SpendManagerSample.release.xcconfig */;
			buildSettings = {
				ASSETCATALOG_COMPILER_APPICON_NAME = AppIcon;
				ASSETCATALOG_COMPILER_GLOBAL_ACCENT_COLOR_NAME = AccentColor;
				CODE_SIGN_ENTITLEMENTS = Build/SpendManagerSample.entitlements;
				CODE_SIGN_STYLE = Automatic;
				COMBINE_HIDPI_IMAGES = YES;
				CURRENT_PROJECT_VERSION = 1;
				DEVELOPMENT_TEAM = NZ966TRF7U;
				ENABLE_HARDENED_RUNTIME = YES;
				ENABLE_USER_SCRIPT_SANDBOXING = NO;
				GENERATE_INFOPLIST_FILE = YES;
				INFOPLIST_KEY_LSApplicationCategoryType = "";
				INFOPLIST_KEY_NSCameraUsageDescription = "Capture receipts";
				INFOPLIST_KEY_NSHumanReadableCopyright = Sensibill;
				INFOPLIST_KEY_NSPhotoLibraryUsageDescription = "Obtain photos of the receipts";
				INFOPLIST_KEY_UILaunchStoryboardName = LaunchScreen.storyboard;
				INFOPLIST_KEY_UIMainStoryboardFile = Main;
				IPHONEOS_DEPLOYMENT_TARGET = 15.0;
				LD_RUNPATH_SEARCH_PATHS = (
					"$(inherited)",
					"@executable_path/../Frameworks",
				);
				MARKETING_VERSION = 1.0;
				PRODUCT_BUNDLE_IDENTIFIER = com.getsensibill.SpendManagerSample;
				PRODUCT_NAME = "$(TARGET_NAME)";
				SUPPORTED_PLATFORMS = "iphoneos iphonesimulator";
				SUPPORTS_MACCATALYST = NO;
				SWIFT_EMIT_LOC_STRINGS = YES;
				SWIFT_VERSION = 5.0;
				TARGETED_DEVICE_FAMILY = 1;
			};
			name = Release;
		};
		A24875EA2DD4E57E00F26A81 /* Debug */ = {
			isa = XCBuildConfiguration;
			baseConfigurationReference = D8096D84B5493530B15CFD2E /* Pods-SpendManagerSampleTests.debug.xcconfig */;
			buildSettings = {
				BUNDLE_LOADER = "$(TEST_HOST)";
				CODE_SIGN_STYLE = Automatic;
				CURRENT_PROJECT_VERSION = 1;
				DEVELOPMENT_TEAM = NZ966TRF7U;
				GENERATE_INFOPLIST_FILE = YES;
				MACOSX_DEPLOYMENT_TARGET = 14.7;
				MARKETING_VERSION = 1.0;
				PRODUCT_BUNDLE_IDENTIFIER = com.getsensibill.SpendManagerSampleTests;
				PRODUCT_NAME = "$(TARGET_NAME)";
				SWIFT_EMIT_LOC_STRINGS = NO;
				SWIFT_VERSION = 5.0;
				TEST_HOST = "$(BUILT_PRODUCTS_DIR)/SpendManagerSample.app/$(BUNDLE_EXECUTABLE_FOLDER_PATH)/SpendManagerSample";
			};
			name = Debug;
		};
		A24875EB2DD4E57E00F26A81 /* Release */ = {
			isa = XCBuildConfiguration;
			baseConfigurationReference = E3F07D49467A801FC3FCF1C5 /* Pods-SpendManagerSampleTests.release.xcconfig */;
			buildSettings = {
				BUNDLE_LOADER = "$(TEST_HOST)";
				CODE_SIGN_STYLE = Automatic;
				CURRENT_PROJECT_VERSION = 1;
				DEVELOPMENT_TEAM = NZ966TRF7U;
				GENERATE_INFOPLIST_FILE = YES;
				MACOSX_DEPLOYMENT_TARGET = 14.7;
				MARKETING_VERSION = 1.0;
				PRODUCT_BUNDLE_IDENTIFIER = com.getsensibill.SpendManagerSampleTests;
				PRODUCT_NAME = "$(TARGET_NAME)";
				SWIFT_EMIT_LOC_STRINGS = NO;
				SWIFT_VERSION = 5.0;
				TEST_HOST = "$(BUILT_PRODUCTS_DIR)/SpendManagerSample.app/$(BUNDLE_EXECUTABLE_FOLDER_PATH)/SpendManagerSample";
			};
			name = Release;
		};
		A24875ED2DD4E57E00F26A81 /* Debug */ = {
			isa = XCBuildConfiguration;
			baseConfigurationReference = F38ABB669DB6F06644B334DD /* Pods-SpendManagerSample-SpendManagerSampleUITests.debug.xcconfig */;
			buildSettings = {
				CODE_SIGN_STYLE = Automatic;
				CURRENT_PROJECT_VERSION = 1;
				DEVELOPMENT_TEAM = NZ966TRF7U;
				GENERATE_INFOPLIST_FILE = YES;
				MARKETING_VERSION = 1.0;
				PRODUCT_BUNDLE_IDENTIFIER = com.getsensibill.SpendManagerSampleUITests;
				PRODUCT_NAME = "$(TARGET_NAME)";
				SWIFT_EMIT_LOC_STRINGS = NO;
				SWIFT_VERSION = 5.0;
				TEST_TARGET_NAME = SpendManagerSample;
			};
			name = Debug;
		};
		A24875EE2DD4E57E00F26A81 /* Release */ = {
			isa = XCBuildConfiguration;
			baseConfigurationReference = 66C72175B93F385D7B1BD008 /* Pods-SpendManagerSample-SpendManagerSampleUITests.release.xcconfig */;
			buildSettings = {
				CODE_SIGN_STYLE = Automatic;
				CURRENT_PROJECT_VERSION = 1;
				DEVELOPMENT_TEAM = NZ966TRF7U;
				GENERATE_INFOPLIST_FILE = YES;
				MARKETING_VERSION = 1.0;
				PRODUCT_BUNDLE_IDENTIFIER = com.getsensibill.SpendManagerSampleUITests;
				PRODUCT_NAME = "$(TARGET_NAME)";
				SWIFT_EMIT_LOC_STRINGS = NO;
				SWIFT_VERSION = 5.0;
				TEST_TARGET_NAME = SpendManagerSample;
			};
			name = Release;
		};
/* End XCBuildConfiguration section */

/* Begin XCConfigurationList section */
		A24875BC2DD4E57C00F26A81 /* Build configuration list for PBXProject "SpendManagerSample" */ = {
			isa = XCConfigurationList;
			buildConfigurations = (
				A24875E42DD4E57E00F26A81 /* Debug */,
				A24875E52DD4E57E00F26A81 /* Release */,
			);
			defaultConfigurationIsVisible = 0;
			defaultConfigurationName = Release;
		};
		A24875E62DD4E57E00F26A81 /* Build configuration list for PBXNativeTarget "SpendManagerSample" */ = {
			isa = XCConfigurationList;
			buildConfigurations = (
				A24875E72DD4E57E00F26A81 /* Debug */,
				A24875E82DD4E57E00F26A81 /* Release */,
			);
			defaultConfigurationIsVisible = 0;
			defaultConfigurationName = Release;
		};
		A24875E92DD4E57E00F26A81 /* Build configuration list for PBXNativeTarget "SpendManagerSampleTests" */ = {
			isa = XCConfigurationList;
			buildConfigurations = (
				A24875EA2DD4E57E00F26A81 /* Debug */,
				A24875EB2DD4E57E00F26A81 /* Release */,
			);
			defaultConfigurationIsVisible = 0;
			defaultConfigurationName = Release;
		};
		A24875EC2DD4E57E00F26A81 /* Build configuration list for PBXNativeTarget "SpendManagerSampleUITests" */ = {
			isa = XCConfigurationList;
			buildConfigurations = (
				A24875ED2DD4E57E00F26A81 /* Debug */,
				A24875EE2DD4E57E00F26A81 /* Release */,
			);
			defaultConfigurationIsVisible = 0;
			defaultConfigurationName = Release;
		};
/* End XCConfigurationList section */
	};
	rootObject = A24875B92DD4E57C00F26A81 /* Project object */;
}
