PODS:
  - Sensibill (2022.0.6)

DEPENDENCIES:
  - "Sensibill (from `git@github.com:getsensibill/sdk-ios.git`, tag `v2022.0.6`)"

EXTERNAL SOURCES:
  Sensibill:
    :git: "git@github.com:getsensibill/sdk-ios.git"
    :tag: v2022.0.6

CHECKOUT OPTIONS:
  Sensibill:
    :git: "git@github.com:getsensibill/sdk-ios.git"
    :tag: v2022.0.6

SPEC CHECKSUMS:
  Sensibill: 0034e1132b76fc790b33ef108d9a6b81bde57f08

PODFILE CHECKSUM: bfdbd0bf9fff1e027d584f33de182ef1ac301013

COCOAPODS: 1.16.2
