PODS:
  - Sensibill (2025.0.0)

DEPENDENCIES:
  - "Sensibill (from `git@github.com:getsensibill/sdk-ios.git`, tag `v2025.0.0`)"

EXTERNAL SOURCES:
  Sensibill:
    :git: "git@github.com:getsensibill/sdk-ios.git"
    :tag: v2025.0.0

CHECKOUT OPTIONS:
  Sensibill:
    :git: "git@github.com:getsensibill/sdk-ios.git"
    :tag: v2025.0.0

SPEC CHECKSUMS:
  Sensibill: fd71ae1f45dc5fe1aff7c98214c6a07ccfd102ef

PODFILE CHECKSUM: 77bed4e2cf45011a184e4c7a9f6c74ad60193546

COCOAPODS: 1.16.2
